
Microsoft Visual Studio Solution File, Format Version 12.00
# Visual Studio 2012
Project("{E24C65DC-7377-472B-9ABA-BC803B73C61A}") = "JN_GROUPS", ".", "{D36FF044-91AA-47E7-B1C2-C4358631F53A}"
	ProjectSection(WebsiteProperties) = preProject
		TargetFrameworkMoniker = ".NETFramework,Version%3Dv4.0"
		Debug.AspNetCompiler.VirtualPath = "/ORDER PROCESSING MANAGEMENT"
		Debug.AspNetCompiler.PhysicalPath = "..\JN_GROUPS\"
		Debug.AspNetCompiler.TargetPath = "PrecompiledWeb\ORDER PROCESSING MANAGEMENT\"
		Debug.AspNetCompiler.Updateable = "true"
		Debug.AspNetCompiler.ForceOverwrite = "true"
		Debug.AspNetCompiler.FixedNames = "false"
		Debug.AspNetCompiler.Debug = "True"
		Release.AspNetCompiler.VirtualPath = "/ORDER PROCESSING MANAGEMENT"
		Release.AspNetCompiler.PhysicalPath = "..\JN_GROUPS\"
		Release.AspNetCompiler.TargetPath = "PrecompiledWeb\ORDER PROCESSING MANAGEMENT\"
		Release.AspNetCompiler.Updateable = "true"
		Release.AspNetCompiler.ForceOverwrite = "true"
		Release.AspNetCompiler.FixedNames = "false"
		Release.AspNetCompiler.Debug = "False"
		VWDPort = "6708"
	EndProjectSection
EndProject
Global
	GlobalSection(SolutionConfigurationPlatforms) = preSolution
		Debug|Any CPU = Debug|Any CPU
	EndGlobalSection
	GlobalSection(ProjectConfigurationPlatforms) = postSolution
		{D36FF044-91AA-47E7-B1C2-C4358631F53A}.Debug|Any CPU.ActiveCfg = Debug|Any CPU
		{D36FF044-91AA-47E7-B1C2-C4358631F53A}.Debug|Any CPU.Build.0 = Debug|Any CPU
	EndGlobalSection
	GlobalSection(SolutionProperties) = preSolution
		HideSolutionNode = FALSE
	EndGlobalSection
EndGlobal
